// !$*UTF8*$!
{
	archiveVersion = 1;
	classes = {
	};
	objectVersion = 46;
	objects = {

/* Begin PBXBuildFile section */
		181AEAB81E0A5E2500D895FE /* libiconv.tbd in Frameworks */ = {isa = PBXBuildFile; fileRef = 181AEAB71E0A5E2500D895FE /* libiconv.tbd */; };
		181AEABA1E0A5E3C00D895FE /* GameController.framework in Frameworks */ = {isa = PBXBuildFile; fileRef = 181AEAB91E0A5E3C00D895FE /* GameController.framework */; };
		181AEABC1E0A5E6800D895FE /* libicucore.tbd in Frameworks */ = {isa = PBXBuildFile; fileRef = 181AEABB1E0A5E6800D895FE /* libicucore.tbd */; };
		181AEABE1E0A5E7D00D895FE /* libz.tbd in Frameworks */ = {isa = PBXBuildFile; fileRef = 181AEABD1E0A5E7D00D895FE /* libz.tbd */; };
		18C176F21E2CCC6300CAC07D /* AudioToolbox.framework in Frameworks */ = {isa = PBXBuildFile; fileRef = 18C176F11E2CCC6300CAC07D /* AudioToolbox.framework */; };
		18C176F41E2CCC8B00CAC07D /* VideoToolbox.framework in Frameworks */ = {isa = PBXBuildFile; fileRef = 18C176F31E2CCC8B00CAC07D /* VideoToolbox.framework */; };
		18C176F61E2CCCB000CAC07D /* CoreMedia.framework in Frameworks */ = {isa = PBXBuildFile; fileRef = 18C176F51E2CCCB000CAC07D /* CoreMedia.framework */; };
		18C176F71E2CCCC100CAC07D /* CoreMotion.framework in Frameworks */ = {isa = PBXBuildFile; fileRef = 181AEABF1E0A5F1E00D895FE /* CoreMotion.framework */; };
		18C176F91E2CCCD700CAC07D /* AVFoundation.framework in Frameworks */ = {isa = PBXBuildFile; fileRef = 18C176F81E2CCCD700CAC07D /* AVFoundation.framework */; };
		24B6BF311DAF3B72004AA0DB /* main.mm in Sources */ = {isa = PBXBuildFile; fileRef = 24B6BF301DAF3B72004AA0DB /* main.mm */; };
		24B6BF341DAF3B72004AA0DB /* AppDelegate.m in Sources */ = {isa = PBXBuildFile; fileRef = 24B6BF331DAF3B72004AA0DB /* AppDelegate.m */; };
		24B6BF3A1DAF3B72004AA0DB /* Main.storyboard in Resources */ = {isa = PBXBuildFile; fileRef = 24B6BF381DAF3B72004AA0DB /* Main.storyboard */; };
		24B6BF3C1DAF3B72004AA0DB /* Assets.xcassets in Resources */ = {isa = PBXBuildFile; fileRef = 24B6BF3B1DAF3B72004AA0DB /* Assets.xcassets */; };
		24B6BF3F1DAF3B72004AA0DB /* LaunchScreen.storyboard in Resources */ = {isa = PBXBuildFile; fileRef = 24B6BF3D1DAF3B72004AA0DB /* LaunchScreen.storyboard */; };
		24B6BF4D1DAF3CCC004AA0DB /* libc++.tbd in Frameworks */ = {isa = PBXBuildFile; fileRef = 24B6BF4C1DAF3CCC004AA0DB /* libc++.tbd */; };
		AC5404A42504D9DC0079F9C4 /* JoyStick.m in Sources */ = {isa = PBXBuildFile; fileRef = AC5404A32504D9DC0079F9C4 /* JoyStick.m */; };
		AC7EAA5924D06ED400648C6E /* ViewController.m in Sources */ = {isa = PBXBuildFile; fileRef = AC7EAA5824D06ED400648C6E /* ViewController.m */; };
		AC7EAA5B24D074C200648C6E /* libMediaPlayer.a in Frameworks */ = {isa = PBXBuildFile; fileRef = AC7EAA5A24D074C200648C6E /* libMediaPlayer.a */; };
/* End PBXBuildFile section */

/* Begin PBXFileReference section */
		181AEAB71E0A5E2500D895FE /* libiconv.tbd */ = {isa = PBXFileReference; lastKnownFileType = "sourcecode.text-based-dylib-definition"; name = libiconv.tbd; path = usr/lib/libiconv.tbd; sourceTree = SDKROOT; };
		181AEAB91E0A5E3C00D895FE /* GameController.framework */ = {isa = PBXFileReference; lastKnownFileType = wrapper.framework; name = GameController.framework; path = System/Library/Frameworks/GameController.framework; sourceTree = SDKROOT; };
		181AEABB1E0A5E6800D895FE /* libicucore.tbd */ = {isa = PBXFileReference; lastKnownFileType = "sourcecode.text-based-dylib-definition"; name = libicucore.tbd; path = usr/lib/libicucore.tbd; sourceTree = SDKROOT; };
		181AEABD1E0A5E7D00D895FE /* libz.tbd */ = {isa = PBXFileReference; lastKnownFileType = "sourcecode.text-based-dylib-definition"; name = libz.tbd; path = usr/lib/libz.tbd; sourceTree = SDKROOT; };
		181AEABF1E0A5F1E00D895FE /* CoreMotion.framework */ = {isa = PBXFileReference; lastKnownFileType = wrapper.framework; name = CoreMotion.framework; path = System/Library/Frameworks/CoreMotion.framework; sourceTree = SDKROOT; };
		188AF7F31FF4C382003FC4E0 /* libMediaPlayer.a */ = {isa = PBXFileReference; lastKnownFileType = archive.ar; name = libMediaPlayer.a; path = "../../../Library/Developer/Xcode/DerivedData/IOSPlayer-dtyhujhmsoqbkjdagiqhliadyqcb/Build/Products/Debug-iphoneos/libMediaPlayer.a"; sourceTree = "<group>"; };
		18C176F11E2CCC6300CAC07D /* AudioToolbox.framework */ = {isa = PBXFileReference; lastKnownFileType = wrapper.framework; name = AudioToolbox.framework; path = System/Library/Frameworks/AudioToolbox.framework; sourceTree = SDKROOT; };
		18C176F31E2CCC8B00CAC07D /* VideoToolbox.framework */ = {isa = PBXFileReference; lastKnownFileType = wrapper.framework; name = VideoToolbox.framework; path = System/Library/Frameworks/VideoToolbox.framework; sourceTree = SDKROOT; };
		18C176F51E2CCCB000CAC07D /* CoreMedia.framework */ = {isa = PBXFileReference; lastKnownFileType = wrapper.framework; name = CoreMedia.framework; path = System/Library/Frameworks/CoreMedia.framework; sourceTree = SDKROOT; };
		18C176F81E2CCCD700CAC07D /* AVFoundation.framework */ = {isa = PBXFileReference; lastKnownFileType = wrapper.framework; name = AVFoundation.framework; path = System/Library/Frameworks/AVFoundation.framework; sourceTree = SDKROOT; };
		24B6BF2C1DAF3B72004AA0DB /* KitTest.app */ = {isa = PBXFileReference; explicitFileType = wrapper.application; includeInIndex = 0; path = KitTest.app; sourceTree = BUILT_PRODUCTS_DIR; };
		24B6BF301DAF3B72004AA0DB /* main.mm */ = {isa = PBXFileReference; lastKnownFileType = sourcecode.cpp.objcpp; path = main.mm; sourceTree = "<group>"; };
		24B6BF321DAF3B72004AA0DB /* AppDelegate.h */ = {isa = PBXFileReference; lastKnownFileType = sourcecode.c.h; path = AppDelegate.h; sourceTree = "<group>"; };
		24B6BF331DAF3B72004AA0DB /* AppDelegate.m */ = {isa = PBXFileReference; lastKnownFileType = sourcecode.c.objc; path = AppDelegate.m; sourceTree = "<group>"; };
		24B6BF391DAF3B72004AA0DB /* Base */ = {isa = PBXFileReference; lastKnownFileType = file.storyboard; name = Base; path = Base.lproj/Main.storyboard; sourceTree = "<group>"; };
		24B6BF3B1DAF3B72004AA0DB /* Assets.xcassets */ = {isa = PBXFileReference; lastKnownFileType = folder.assetcatalog; path = Assets.xcassets; sourceTree = "<group>"; };
		24B6BF3E1DAF3B72004AA0DB /* Base */ = {isa = PBXFileReference; lastKnownFileType = file.storyboard; name = Base; path = Base.lproj/LaunchScreen.storyboard; sourceTree = "<group>"; };
		24B6BF401DAF3B72004AA0DB /* Info.plist */ = {isa = PBXFileReference; lastKnownFileType = text.plist.xml; path = Info.plist; sourceTree = "<group>"; };
		24B6BF4C1DAF3CCC004AA0DB /* libc++.tbd */ = {isa = PBXFileReference; lastKnownFileType = "sourcecode.text-based-dylib-definition"; name = "libc++.tbd"; path = "usr/lib/libc++.tbd"; sourceTree = SDKROOT; };
		AC5404A22504D9DC0079F9C4 /* JoyStick.h */ = {isa = PBXFileReference; lastKnownFileType = sourcecode.c.h; path = JoyStick.h; sourceTree = "<group>"; };
		AC5404A32504D9DC0079F9C4 /* JoyStick.m */ = {isa = PBXFileReference; lastKnownFileType = sourcecode.c.objc; path = JoyStick.m; sourceTree = "<group>"; };
		AC7EAA5724D06ED400648C6E /* ViewController.h */ = {isa = PBXFileReference; lastKnownFileType = sourcecode.c.h; path = ViewController.h; sourceTree = "<group>"; };
		AC7EAA5824D06ED400648C6E /* ViewController.m */ = {isa = PBXFileReference; lastKnownFileType = sourcecode.c.objc; path = ViewController.m; sourceTree = "<group>"; };
		AC7EAA5A24D074C200648C6E /* libMediaPlayer.a */ = {isa = PBXFileReference; explicitFileType = archive.ar; path = libMediaPlayer.a; sourceTree = BUILT_PRODUCTS_DIR; };
		AC7EAA5C24D074C200648C6E /* libflv.a */ = {isa = PBXFileReference; explicitFileType = archive.ar; path = libflv.a; sourceTree = BUILT_PRODUCTS_DIR; };
		AC7EAA5E24D074C200648C6E /* libmk_api.a */ = {isa = PBXFileReference; explicitFileType = archive.ar; path = libmk_api.a; sourceTree = BUILT_PRODUCTS_DIR; };
		AC7EAA6024D074C200648C6E /* libmov.a */ = {isa = PBXFileReference; explicitFileType = archive.ar; path = libmov.a; sourceTree = BUILT_PRODUCTS_DIR; };
		AC7EAA6224D074C200648C6E /* libmpeg.a */ = {isa = PBXFileReference; explicitFileType = archive.ar; path = libmpeg.a; sourceTree = BUILT_PRODUCTS_DIR; };
		AC7EAA6424D074C200648C6E /* librtp.a */ = {isa = PBXFileReference; explicitFileType = archive.ar; path = librtp.a; sourceTree = BUILT_PRODUCTS_DIR; };
		AC7EAA6624D074C200648C6E /* libzlmediakit.a */ = {isa = PBXFileReference; explicitFileType = archive.ar; path = libzlmediakit.a; sourceTree = BUILT_PRODUCTS_DIR; };
		AC7EAA6824D074C200648C6E /* libzltoolkit.a */ = {isa = PBXFileReference; explicitFileType = archive.ar; path = libzltoolkit.a; sourceTree = BUILT_PRODUCTS_DIR; };
/* End PBXFileReference section */

/* Begin PBXFrameworksBuildPhase section */
		24B6BF291DAF3B72004AA0DB /* Frameworks */ = {
			isa = PBXFrameworksBuildPhase;
			buildActionMask = 2147483647;
			files = (
				AC7EAA5B24D074C200648C6E /* libMediaPlayer.a in Frameworks */,
				18C176F91E2CCCD700CAC07D /* AVFoundation.framework in Frameworks */,
				18C176F71E2CCCC100CAC07D /* CoreMotion.framework in Frameworks */,
				18C176F61E2CCCB000CAC07D /* CoreMedia.framework in Frameworks */,
				18C176F41E2CCC8B00CAC07D /* VideoToolbox.framework in Frameworks */,
				18C176F21E2CCC6300CAC07D /* AudioToolbox.framework in Frameworks */,
				181AEABE1E0A5E7D00D895FE /* libz.tbd in Frameworks */,
				181AEABC1E0A5E6800D895FE /* libicucore.tbd in Frameworks */,
				181AEABA1E0A5E3C00D895FE /* GameController.framework in Frameworks */,
				181AEAB81E0A5E2500D895FE /* libiconv.tbd in Frameworks */,
				24B6BF4D1DAF3CCC004AA0DB /* libc++.tbd in Frameworks */,
			);
			runOnlyForDeploymentPostprocessing = 0;
		};
/* End PBXFrameworksBuildPhase section */

/* Begin PBXGroup section */
		188C497E1DD95665001B186D /* Frameworks */ = {
			isa = PBXGroup;
			children = (
				AC7EAA5A24D074C200648C6E /* libMediaPlayer.a */,
				AC7EAA5C24D074C200648C6E /* libflv.a */,
				AC7EAA5E24D074C200648C6E /* libmk_api.a */,
				AC7EAA6024D074C200648C6E /* libmov.a */,
				AC7EAA6224D074C200648C6E /* libmpeg.a */,
				AC7EAA6424D074C200648C6E /* librtp.a */,
				AC7EAA6624D074C200648C6E /* libzlmediakit.a */,
				AC7EAA6824D074C200648C6E /* libzltoolkit.a */,
				188AF7F31FF4C382003FC4E0 /* libMediaPlayer.a */,
				24B6BF4C1DAF3CCC004AA0DB /* libc++.tbd */,
				18C176F81E2CCCD700CAC07D /* AVFoundation.framework */,
				18C176F51E2CCCB000CAC07D /* CoreMedia.framework */,
				18C176F31E2CCC8B00CAC07D /* VideoToolbox.framework */,
				18C176F11E2CCC6300CAC07D /* AudioToolbox.framework */,
				181AEABF1E0A5F1E00D895FE /* CoreMotion.framework */,
				181AEABD1E0A5E7D00D895FE /* libz.tbd */,
				181AEABB1E0A5E6800D895FE /* libicucore.tbd */,
				181AEAB91E0A5E3C00D895FE /* GameController.framework */,
				181AEAB71E0A5E2500D895FE /* libiconv.tbd */,
			);
			name = Frameworks;
			sourceTree = "<group>";
		};
		24B6BF231DAF3B72004AA0DB = {
			isa = PBXGroup;
			children = (
				24B6BF2E1DAF3B72004AA0DB /* KitTest */,
				24B6BF2D1DAF3B72004AA0DB /* Products */,
				188C497E1DD95665001B186D /* Frameworks */,
			);
			sourceTree = "<group>";
		};
		24B6BF2D1DAF3B72004AA0DB /* Products */ = {
			isa = PBXGroup;
			children = (
				24B6BF2C1DAF3B72004AA0DB /* KitTest.app */,
			);
			name = Products;
			sourceTree = "<group>";
		};
		24B6BF2E1DAF3B72004AA0DB /* KitTest */ = {
			isa = PBXGroup;
			children = (
				24B6BF321DAF3B72004AA0DB /* AppDelegate.h */,
				24B6BF331DAF3B72004AA0DB /* AppDelegate.m */,
				AC7EAA5724D06ED400648C6E /* ViewController.h */,
				AC7EAA5824D06ED400648C6E /* ViewController.m */,
				AC5404A22504D9DC0079F9C4 /* JoyStick.h */,
				AC5404A32504D9DC0079F9C4 /* JoyStick.m */,
				24B6BF381DAF3B72004AA0DB /* Main.storyboard */,
				24B6BF3B1DAF3B72004AA0DB /* Assets.xcassets */,
				24B6BF3D1DAF3B72004AA0DB /* LaunchScreen.storyboard */,
				24B6BF401DAF3B72004AA0DB /* Info.plist */,
				24B6BF2F1DAF3B72004AA0DB /* Supporting Files */,
			);
			path = KitTest;
			sourceTree = "<group>";
		};
		24B6BF2F1DAF3B72004AA0DB /* Supporting Files */ = {
			isa = PBXGroup;
			children = (
				24B6BF301DAF3B72004AA0DB /* main.mm */,
			);
			name = "Supporting Files";
			sourceTree = "<group>";
		};
/* End PBXGroup section */

/* Begin PBXNativeTarget section */
		24B6BF2B1DAF3B72004AA0DB /* KitTest */ = {
			isa = PBXNativeTarget;
			buildConfigurationList = 24B6BF431DAF3B72004AA0DB /* Build configuration list for PBXNativeTarget "KitTest" */;
			buildPhases = (
				24B6BF281DAF3B72004AA0DB /* Sources */,
				24B6BF291DAF3B72004AA0DB /* Frameworks */,
				24B6BF2A1DAF3B72004AA0DB /* Resources */,
			);
			buildRules = (
			);
			dependencies = (
			);
			name = KitTest;
			productName = KitTest;
			productReference = 24B6BF2C1DAF3B72004AA0DB /* KitTest.app */;
			productType = "com.apple.product-type.application";
		};
/* End PBXNativeTarget section */

/* Begin PBXProject section */
		24B6BF241DAF3B72004AA0DB /* Project object */ = {
			isa = PBXProject;
			attributes = {
				LastUpgradeCheck = 0730;
				ORGANIZATIONNAME = jizan;
				TargetAttributes = {
					24B6BF2B1DAF3B72004AA0DB = {
						CreatedOnToolsVersion = 7.3.1;
						DevelopmentTeam = 9FYGYU94H6;
						ProvisioningStyle = Automatic;
						SystemCapabilities = {
							com.apple.BackgroundModes = {
								enabled = 0;
							};
							com.apple.InterAppAudio = {
								enabled = 0;
							};
							com.apple.WAC = {
								enabled = 0;
							};
						};
					};
				};
			};
			buildConfigurationList = 24B6BF271DAF3B72004AA0DB /* Build configuration list for PBXProject "KitTest" */;
			compatibilityVersion = "Xcode 3.2";
			developmentRegion = English;
			hasScannedForEncodings = 0;
			knownRegions = (
				English,
				en,
				Base,
			);
			mainGroup = 24B6BF231DAF3B72004AA0DB;
			productRefGroup = 24B6BF2D1DAF3B72004AA0DB /* Products */;
			projectDirPath = "";
			projectRoot = "";
			targets = (
				24B6BF2B1DAF3B72004AA0DB /* KitTest */,
			);
		};
/* End PBXProject section */

/* Begin PBXResourcesBuildPhase section */
		24B6BF2A1DAF3B72004AA0DB /* Resources */ = {
			isa = PBXResourcesBuildPhase;
			buildActionMask = 2147483647;
			files = (
				24B6BF3F1DAF3B72004AA0DB /* LaunchScreen.storyboard in Resources */,
				24B6BF3C1DAF3B72004AA0DB /* Assets.xcassets in Resources */,
				24B6BF3A1DAF3B72004AA0DB /* Main.storyboard in Resources */,
			);
			runOnlyForDeploymentPostprocessing = 0;
		};
/* End PBXResourcesBuildPhase section */

/* Begin PBXSourcesBuildPhase section */
		24B6BF281DAF3B72004AA0DB /* Sources */ = {
			isa = PBXSourcesBuildPhase;
			buildActionMask = 2147483647;
			files = (
				AC7EAA5924D06ED400648C6E /* ViewController.m in Sources */,
				AC5404A42504D9DC0079F9C4 /* JoyStick.m in Sources */,
				24B6BF341DAF3B72004AA0DB /* AppDelegate.m in Sources */,
				24B6BF311DAF3B72004AA0DB /* main.mm in Sources */,
			);
			runOnlyForDeploymentPostprocessing = 0;
		};
/* End PBXSourcesBuildPhase section */

/* Begin PBXVariantGroup section */
		24B6BF381DAF3B72004AA0DB /* Main.storyboard */ = {
			isa = PBXVariantGroup;
			children = (
				24B6BF391DAF3B72004AA0DB /* Base */,
			);
			name = Main.storyboard;
			sourceTree = "<group>";
		};
		24B6BF3D1DAF3B72004AA0DB /* LaunchScreen.storyboard */ = {
			isa = PBXVariantGroup;
			children = (
				24B6BF3E1DAF3B72004AA0DB /* Base */,
			);
			name = LaunchScreen.storyboard;
			sourceTree = "<group>";
		};
/* End PBXVariantGroup section */

/* Begin XCBuildConfiguration section */
		24B6BF411DAF3B72004AA0DB /* Debug */ = {
			isa = XCBuildConfiguration;
			buildSettings = {
				ALWAYS_SEARCH_USER_PATHS = NO;
				CLANG_ANALYZER_NONNULL = YES;
				CLANG_CXX_LANGUAGE_STANDARD = "gnu++0x";
				CLANG_CXX_LIBRARY = "libc++";
				CLANG_ENABLE_MODULES = YES;
				CLANG_ENABLE_OBJC_ARC = YES;
				CLANG_WARN_BOOL_CONVERSION = YES;
				CLANG_WARN_CONSTANT_CONVERSION = YES;
				CLANG_WARN_DIRECT_OBJC_ISA_USAGE = YES_ERROR;
				CLANG_WARN_EMPTY_BODY = YES;
				CLANG_WARN_ENUM_CONVERSION = YES;
				CLANG_WARN_INT_CONVERSION = YES;
				CLANG_WARN_OBJC_ROOT_CLASS = YES_ERROR;
				CLANG_WARN_UNREACHABLE_CODE = YES;
				CLANG_WARN__DUPLICATE_METHOD_MATCH = YES;
				"CODE_SIGN_IDENTITY[sdk=iphoneos*]" = "iPhone Developer";
				COPY_PHASE_STRIP = NO;
				DEBUG_INFORMATION_FORMAT = dwarf;
				ENABLE_STRICT_OBJC_MSGSEND = YES;
				ENABLE_TESTABILITY = YES;
				GCC_C_LANGUAGE_STANDARD = gnu99;
				GCC_DYNAMIC_NO_PIC = NO;
				GCC_NO_COMMON_BLOCKS = YES;
				GCC_OPTIMIZATION_LEVEL = 0;
				GCC_PREPROCESSOR_DEFINITIONS = (
					"DEBUG=1",
					"$(inherited)",
				);
				GCC_WARN_64_TO_32_BIT_CONVERSION = YES;
				GCC_WARN_ABOUT_RETURN_TYPE = YES_ERROR;
				GCC_WARN_UNDECLARED_SELECTOR = YES;
				GCC_WARN_UNINITIALIZED_AUTOS = YES_AGGRESSIVE;
				GCC_WARN_UNUSED_FUNCTION = YES;
				GCC_WARN_UNUSED_VARIABLE = YES;
				IPHONEOS_DEPLOYMENT_TARGET = 9.3;
				MTL_ENABLE_DEBUG_INFO = YES;
				ONLY_ACTIVE_ARCH = YES;
				SDKROOT = iphoneos;
			};
			name = Debug;
		};
		24B6BF421DAF3B72004AA0DB /* Release */ = {
			isa = XCBuildConfiguration;
			buildSettings = {
				ALWAYS_SEARCH_USER_PATHS = NO;
				CLANG_ANALYZER_NONNULL = YES;
				CLANG_CXX_LANGUAGE_STANDARD = "gnu++0x";
				CLANG_CXX_LIBRARY = "libc++";
				CLANG_ENABLE_MODULES = YES;
				CLANG_ENABLE_OBJC_ARC = YES;
				CLANG_WARN_BOOL_CONVERSION = YES;
				CLANG_WARN_CONSTANT_CONVERSION = YES;
				CLANG_WARN_DIRECT_OBJC_ISA_USAGE = YES_ERROR;
				CLANG_WARN_EMPTY_BODY = YES;
				CLANG_WARN_ENUM_CONVERSION = YES;
				CLANG_WARN_INT_CONVERSION = YES;
				CLANG_WARN_OBJC_ROOT_CLASS = YES_ERROR;
				CLANG_WARN_UNREACHABLE_CODE = YES;
				CLANG_WARN__DUPLICATE_METHOD_MATCH = YES;
				"CODE_SIGN_IDENTITY[sdk=iphoneos*]" = "iPhone Developer";
				COPY_PHASE_STRIP = NO;
				DEBUG_INFORMATION_FORMAT = "dwarf-with-dsym";
				ENABLE_NS_ASSERTIONS = NO;
				ENABLE_STRICT_OBJC_MSGSEND = YES;
				GCC_C_LANGUAGE_STANDARD = gnu99;
				GCC_NO_COMMON_BLOCKS = YES;
				GCC_WARN_64_TO_32_BIT_CONVERSION = YES;
				GCC_WARN_ABOUT_RETURN_TYPE = YES_ERROR;
				GCC_WARN_UNDECLARED_SELECTOR = YES;
				GCC_WARN_UNINITIALIZED_AUTOS = YES_AGGRESSIVE;
				GCC_WARN_UNUSED_FUNCTION = YES;
				GCC_WARN_UNUSED_VARIABLE = YES;
				IPHONEOS_DEPLOYMENT_TARGET = 9.3;
				MTL_ENABLE_DEBUG_INFO = NO;
				SDKROOT = iphoneos;
				VALIDATE_PRODUCT = YES;
			};
			name = Release;
		};
		24B6BF441DAF3B72004AA0DB /* Debug */ = {
			isa = XCBuildConfiguration;
			buildSettings = {
				ASSETCATALOG_COMPILER_APPICON_NAME = AppIcon;
				CODE_SIGN_IDENTITY = "iPhone Developer";
				"CODE_SIGN_IDENTITY[sdk=iphoneos*]" = "iPhone Developer";
				DEVELOPMENT_TEAM = 9FYGYU94H6;
				FRAMEWORK_SEARCH_PATHS = (
					"$(inherited)",
					"$(PROJECT_DIR)",
				);
				HEADER_SEARCH_PATHS = (
					"$(SRCROOT)/../../ZLMediaKit/3rdpart/ZLToolKit/src/**",
					"$(SRCROOT)/../../ZLMediaKit/src/**",
					"$(SRCROOT)/../MediaPlayer/MediaPlayer/**",
					"$(SRCROOT)/../../ZLMediaKit/api/include",
				);
				INFOPLIST_FILE = KitTest/Info.plist;
				LD_RUNPATH_SEARCH_PATHS = "$(inherited) @executable_path/Frameworks";
				OTHER_LDFLAGS = "-ObjC";
				PRODUCT_BUNDLE_IDENTIFIER = com.ppsz.paopao;
				PRODUCT_NAME = "$(TARGET_NAME)";
				PROVISIONING_PROFILE = "";
				TARGETED_DEVICE_FAMILY = "1,2";
			};
			name = Debug;
		};
		24B6BF451DAF3B72004AA0DB /* Release */ = {
			isa = XCBuildConfiguration;
			buildSettings = {
				ASSETCATALOG_COMPILER_APPICON_NAME = AppIcon;
				CODE_SIGN_IDENTITY = "iPhone Developer";
				"CODE_SIGN_IDENTITY[sdk=iphoneos*]" = "iPhone Developer";
				DEVELOPMENT_TEAM = 9FYGYU94H6;
				FRAMEWORK_SEARCH_PATHS = (
					"$(inherited)",
					"$(PROJECT_DIR)",
				);
				HEADER_SEARCH_PATHS = (
					"$(SRCROOT)/../../ZLMediaKit/3rdpart/ZLToolKit/src/**",
					"$(SRCROOT)/../../ZLMediaKit/src/**",
					"$(SRCROOT)/../MediaPlayer/MediaPlayer/**",
					"$(SRCROOT)/../../ZLMediaKit/api/include",
				);
				INFOPLIST_FILE = KitTest/Info.plist;
				LD_RUNPATH_SEARCH_PATHS = "$(inherited) @executable_path/Frameworks";
				OTHER_LDFLAGS = "-ObjC";
				PRODUCT_BUNDLE_IDENTIFIER = com.ppsz.paopao;
				PRODUCT_NAME = "$(TARGET_NAME)";
				PROVISIONING_PROFILE = "";
				TARGETED_DEVICE_FAMILY = "1,2";
			};
			name = Release;
		};
/* End XCBuildConfiguration section */

/* Begin XCConfigurationList section */
		24B6BF271DAF3B72004AA0DB /* Build configuration list for PBXProject "KitTest" */ = {
			isa = XCConfigurationList;
			buildConfigurations = (
				24B6BF411DAF3B72004AA0DB /* Debug */,
				24B6BF421DAF3B72004AA0DB /* Release */,
			);
			defaultConfigurationIsVisible = 0;
			defaultConfigurationName = Release;
		};
		24B6BF431DAF3B72004AA0DB /* Build configuration list for PBXNativeTarget "KitTest" */ = {
			isa = XCConfigurationList;
			buildConfigurations = (
				24B6BF441DAF3B72004AA0DB /* Debug */,
				24B6BF451DAF3B72004AA0DB /* Release */,
			);
			defaultConfigurationIsVisible = 0;
			defaultConfigurationName = Release;
		};
/* End XCConfigurationList section */
	};
	rootObject = 24B6BF241DAF3B72004AA0DB /* Project object */;
}
